
Microsoft Visual Studio Solution File, Format Version 12.00
# Visual Studio Version 17
VisualStudioVersion = 17.5.002.0
MinimumVisualStudioVersion = 10.0.40219.1
Project("{9A19103F-16F7-4668-BE54-9A1E7A4F7556}") = "Assignment01", "Assignment01\Assignment01.csproj", "{D7EE718B-EF6F-464F-BF2E-BC377D848290}"
EndProject
Project("{9A19103F-16F7-4668-BE54-9A1E7A4F7556}") = "WeekOne", "CSharp\WeekOne.csproj", "{B4DAA66A-1BDD-4F3B-BC2C-65E9350042F5}"
EndProject
Project("{9A19103F-16F7-4668-BE54-9A1E7A4F7556}") = "Inheritance", "Inheritance\Inheritance.csproj", "{2A83D35B-E0D8-4B99-A3B4-E6BEC8530895}"
EndProject
Global
	GlobalSection(SolutionConfigurationPlatforms) = preSolution
		Debug|Any CPU = Debug|Any CPU
		Release|Any CPU = Release|Any CPU
	EndGlobalSection
	GlobalSection(ProjectConfigurationPlatforms) = postSolution
		{D7EE718B-EF6F-464F-BF2E-BC377D848290}.Debug|Any CPU.ActiveCfg = Debug|Any CPU
		{D7EE718B-EF6F-464F-BF2E-BC377D848290}.Debug|Any CPU.Build.0 = Debug|Any CPU
		{D7EE718B-EF6F-464F-BF2E-BC377D848290}.Release|Any CPU.ActiveCfg = Release|Any CPU
		{D7EE718B-EF6F-464F-BF2E-BC377D848290}.Release|Any CPU.Build.0 = Release|Any CPU
		{B4DAA66A-1BDD-4F3B-BC2C-65E9350042F5}.Debug|Any CPU.ActiveCfg = Debug|Any CPU
		{B4DAA66A-1BDD-4F3B-BC2C-65E9350042F5}.Debug|Any CPU.Build.0 = Debug|Any CPU
		{B4DAA66A-1BDD-4F3B-BC2C-65E9350042F5}.Release|Any CPU.ActiveCfg = Release|Any CPU
		{B4DAA66A-1BDD-4F3B-BC2C-65E9350042F5}.Release|Any CPU.Build.0 = Release|Any CPU
		{2A83D35B-E0D8-4B99-A3B4-E6BEC8530895}.Debug|Any CPU.ActiveCfg = Debug|Any CPU
		{2A83D35B-E0D8-4B99-A3B4-E6BEC8530895}.Debug|Any CPU.Build.0 = Debug|Any CPU
		{2A83D35B-E0D8-4B99-A3B4-E6BEC8530895}.Release|Any CPU.ActiveCfg = Release|Any CPU
		{2A83D35B-E0D8-4B99-A3B4-E6BEC8530895}.Release|Any CPU.Build.0 = Release|Any CPU
	EndGlobalSection
	GlobalSection(SolutionProperties) = preSolution
		HideSolutionNode = FALSE
	EndGlobalSection
	GlobalSection(ExtensibilityGlobals) = postSolution
		SolutionGuid = {5F06258A-327E-4E03-889C-7C2E5B01210D}
	EndGlobalSection
EndGlobal
